
Microsoft Visual Studio Solution File, Format Version 12.00
# Visual Studio Version 16
VisualStudioVersion = 16.0.30413.136
MinimumVisualStudioVersion = 10.0.40219.1
Project("{FAE04EC0-301F-11D3-BF4B-00C04F79EFBC}") = "SCP-372", "SCP-372\SCP-372.csproj", "{E685F286-09B6-49ED-B609-DA915091A22E}"
EndProject
Global
	GlobalSection(SolutionConfigurationPlatforms) = preSolution
		Debug|Any CPU = Debug|Any CPU
		Release|Any CPU = Release|Any CPU
	EndGlobalSection
	GlobalSection(ProjectConfigurationPlatforms) = postSolution
		{E685F286-09B6-49ED-B609-DA915091A22E}.Debug|Any CPU.ActiveCfg = Debug|Any CPU
		{E685F286-09B6-49ED-B609-DA915091A22E}.Debug|Any CPU.Build.0 = Debug|Any CPU
		{E685F286-09B6-49ED-B609-DA915091A22E}.Release|Any CPU.ActiveCfg = Release|Any CPU
		{E685F286-09B6-49ED-B609-DA915091A22E}.Release|Any CPU.Build.0 = Release|Any CPU
	EndGlobalSection
	GlobalSection(SolutionProperties) = preSolution
		HideSolutionNode = FALSE
	EndGlobalSection
	GlobalSection(ExtensibilityGlobals) = postSolution
		SolutionGuid = {FCEE751A-1569-4FC0-AF8E-DB2C31E510CA}
	EndGlobalSection
EndGlobal
